
Microsoft Visual Studio Solution File, Format Version 12.00
# Visual Studio Version 17
VisualStudioVersion = 17.2.32616.157
MinimumVisualStudioVersion = 10.0.40219.1
Project("{9A19103F-16F7-4668-BE54-9A1E7A4F7556}") = "MethodTries", "MethodTries\MethodTries.csproj", "{EE54C5D5-8578-4812-8956-C04CDCB753EB}"
EndProject
Project("{9A19103F-16F7-4668-BE54-9A1E7A4F7556}") = "Matematik", "Matematik\Matematik.csproj", "{5D40C4FF-A21B-4EFD-9580-C528FE6C1AF9}"
EndProject
Project("{9A19103F-16F7-4668-BE54-9A1E7A4F7556}") = "DegervReferansTipler", "DegervReferansTipler\DegervReferansTipler.csproj", "{A99FC5D7-DDF0-4FD3-B813-01470D2F03D2}"
EndProject
Project("{9A19103F-16F7-4668-BE54-9A1E7A4F7556}") = "Oop1", "Oop1\Oop1.csproj", "{F9976708-63F5-491C-A222-4F151BF3263D}"
EndProject
Project("{9A19103F-16F7-4668-BE54-9A1E7A4F7556}") = "Collections", "Collections\Collections.csproj", "{8A1EB44C-A26C-4E31-8E8F-1543B3A55C5A}"
EndProject
Project("{FAE04EC0-301F-11D3-BF4B-00C04F79EFBC}") = "GenericsIntro", "GenericsIntro\GenericsIntro.csproj", "{592DDD60-2AAB-467F-A045-D53B9C7E97F7}"
EndProject
Global
	GlobalSection(SolutionConfigurationPlatforms) = preSolution
		Debug|Any CPU = Debug|Any CPU
		Release|Any CPU = Release|Any CPU
	EndGlobalSection
	GlobalSection(ProjectConfigurationPlatforms) = postSolution
		{EE54C5D5-8578-4812-8956-C04CDCB753EB}.Debug|Any CPU.ActiveCfg = Debug|Any CPU
		{EE54C5D5-8578-4812-8956-C04CDCB753EB}.Debug|Any CPU.Build.0 = Debug|Any CPU
		{EE54C5D5-8578-4812-8956-C04CDCB753EB}.Release|Any CPU.ActiveCfg = Release|Any CPU
		{EE54C5D5-8578-4812-8956-C04CDCB753EB}.Release|Any CPU.Build.0 = Release|Any CPU
		{5D40C4FF-A21B-4EFD-9580-C528FE6C1AF9}.Debug|Any CPU.ActiveCfg = Debug|Any CPU
		{5D40C4FF-A21B-4EFD-9580-C528FE6C1AF9}.Debug|Any CPU.Build.0 = Debug|Any CPU
		{5D40C4FF-A21B-4EFD-9580-C528FE6C1AF9}.Release|Any CPU.ActiveCfg = Release|Any CPU
		{5D40C4FF-A21B-4EFD-9580-C528FE6C1AF9}.Release|Any CPU.Build.0 = Release|Any CPU
		{A99FC5D7-DDF0-4FD3-B813-01470D2F03D2}.Debug|Any CPU.ActiveCfg = Debug|Any CPU
		{A99FC5D7-DDF0-4FD3-B813-01470D2F03D2}.Debug|Any CPU.Build.0 = Debug|Any CPU
		{A99FC5D7-DDF0-4FD3-B813-01470D2F03D2}.Release|Any CPU.ActiveCfg = Release|Any CPU
		{A99FC5D7-DDF0-4FD3-B813-01470D2F03D2}.Release|Any CPU.Build.0 = Release|Any CPU
		{F9976708-63F5-491C-A222-4F151BF3263D}.Debug|Any CPU.ActiveCfg = Debug|Any CPU
		{F9976708-63F5-491C-A222-4F151BF3263D}.Debug|Any CPU.Build.0 = Debug|Any CPU
		{F9976708-63F5-491C-A222-4F151BF3263D}.Release|Any CPU.ActiveCfg = Release|Any CPU
		{F9976708-63F5-491C-A222-4F151BF3263D}.Release|Any CPU.Build.0 = Release|Any CPU
		{8A1EB44C-A26C-4E31-8E8F-1543B3A55C5A}.Debug|Any CPU.ActiveCfg = Debug|Any CPU
		{8A1EB44C-A26C-4E31-8E8F-1543B3A55C5A}.Debug|Any CPU.Build.0 = Debug|Any CPU
		{8A1EB44C-A26C-4E31-8E8F-1543B3A55C5A}.Release|Any CPU.ActiveCfg = Release|Any CPU
		{8A1EB44C-A26C-4E31-8E8F-1543B3A55C5A}.Release|Any CPU.Build.0 = Release|Any CPU
		{592DDD60-2AAB-467F-A045-D53B9C7E97F7}.Debug|Any CPU.ActiveCfg = Debug|Any CPU
		{592DDD60-2AAB-467F-A045-D53B9C7E97F7}.Debug|Any CPU.Build.0 = Debug|Any CPU
		{592DDD60-2AAB-467F-A045-D53B9C7E97F7}.Release|Any CPU.ActiveCfg = Release|Any CPU
		{592DDD60-2AAB-467F-A045-D53B9C7E97F7}.Release|Any CPU.Build.0 = Release|Any CPU
	EndGlobalSection
	GlobalSection(SolutionProperties) = preSolution
		HideSolutionNode = FALSE
	EndGlobalSection
	GlobalSection(ExtensibilityGlobals) = postSolution
		SolutionGuid = {B5D6303D-AD49-466D-9A04-553A6034DA7A}
	EndGlobalSection
EndGlobal
